// !$*UTF8*$!
{
	archiveVersion = 1;
	classes = {
	};
	objectVersion = 56;
	objects = {

/* Begin PBXBuildFile section */
		5A95883C297C7A6900EBF282 /* AppDelegate.swift in Sources */ = {isa = PBXBuildFile; fileRef = 5A95883B297C7A6900EBF282 /* AppDelegate.swift */; };
		5A95883E297C7A6900EBF282 /* SceneDelegate.swift in Sources */ = {isa = PBXBuildFile; fileRef = 5A95883D297C7A6900EBF282 /* SceneDelegate.swift */; };
		5A958840297C7A6900EBF282 /* ViewController.swift in Sources */ = {isa = PBXBuildFile; fileRef = 5A95883F297C7A6900EBF282 /* ViewController.swift */; };
		5A958843297C7A6900EBF282 /* Main.storyboard in Resources */ = {isa = PBXBuildFile; fileRef = 5A958841297C7A6900EBF282 /* Main.storyboard */; };
		5A958845297C7A6A00EBF282 /* Assets.xcassets in Resources */ = {isa = PBXBuildFile; fileRef = 5A958844297C7A6A00EBF282 /* Assets.xcassets */; };
		5A958848297C7A6A00EBF282 /* LaunchScreen.storyboard in Resources */ = {isa = PBXBuildFile; fileRef = 5A958846297C7A6A00EBF282 /* LaunchScreen.storyboard */; };
		5A958853297C7A6A00EBF282 /* au_hello_worldTests.swift in Sources */ = {isa = PBXBuildFile; fileRef = 5A958852297C7A6A00EBF282 /* au_hello_worldTests.swift */; };
		5A95885D297C7A6A00EBF282 /* au_hello_worldUITests.swift in Sources */ = {isa = PBXBuildFile; fileRef = 5A95885C297C7A6A00EBF282 /* au_hello_worldUITests.swift */; };
		5A95885F297C7A6A00EBF282 /* au_hello_worldUITestsLaunchTests.swift in Sources */ = {isa = PBXBuildFile; fileRef = 5A95885E297C7A6A00EBF282 /* au_hello_worldUITestsLaunchTests.swift */; };
/* End PBXBuildFile section */

/* Begin PBXContainerItemProxy section */
		5A95884F297C7A6A00EBF282 /* PBXContainerItemProxy */ = {
			isa = PBXContainerItemProxy;
			containerPortal = 5A958830297C7A6900EBF282 /* Project object */;
			proxyType = 1;
			remoteGlobalIDString = 5A958837297C7A6900EBF282;
			remoteInfo = "au hello world";
		};
		5A958859297C7A6A00EBF282 /* PBXContainerItemProxy */ = {
			isa = PBXContainerItemProxy;
			containerPortal = 5A958830297C7A6900EBF282 /* Project object */;
			proxyType = 1;
			remoteGlobalIDString = 5A958837297C7A6900EBF282;
			remoteInfo = "au hello world";
		};
/* End PBXContainerItemProxy section */

/* Begin PBXFileReference section */
		5A958838297C7A6900EBF282 /* au hello world.app */ = {isa = PBXFileReference; explicitFileType = wrapper.application; includeInIndex = 0; path = "au hello world.app"; sourceTree = BUILT_PRODUCTS_DIR; };
		5A95883B297C7A6900EBF282 /* AppDelegate.swift */ = {isa = PBXFileReference; lastKnownFileType = sourcecode.swift; path = AppDelegate.swift; sourceTree = "<group>"; };
		5A95883D297C7A6900EBF282 /* SceneDelegate.swift */ = {isa = PBXFileReference; lastKnownFileType = sourcecode.swift; path = SceneDelegate.swift; sourceTree = "<group>"; };
		5A95883F297C7A6900EBF282 /* ViewController.swift */ = {isa = PBXFileReference; lastKnownFileType = sourcecode.swift; path = ViewController.swift; sourceTree = "<group>"; };
		5A958842297C7A6900EBF282 /* Base */ = {isa = PBXFileReference; lastKnownFileType = file.storyboard; name = Base; path = Base.lproj/Main.storyboard; sourceTree = "<group>"; };
		5A958844297C7A6A00EBF282 /* Assets.xcassets */ = {isa = PBXFileReference; lastKnownFileType = folder.assetcatalog; path = Assets.xcassets; sourceTree = "<group>"; };
		5A958847297C7A6A00EBF282 /* Base */ = {isa = PBXFileReference; lastKnownFileType = file.storyboard; name = Base; path = Base.lproj/LaunchScreen.storyboard; sourceTree = "<group>"; };
		5A958849297C7A6A00EBF282 /* Info.plist */ = {isa = PBXFileReference; lastKnownFileType = text.plist.xml; path = Info.plist; sourceTree = "<group>"; };
		5A95884E297C7A6A00EBF282 /* au hello worldTests.xctest */ = {isa = PBXFileReference; explicitFileType = wrapper.cfbundle; includeInIndex = 0; path = "au hello worldTests.xctest"; sourceTree = BUILT_PRODUCTS_DIR; };
		5A958852297C7A6A00EBF282 /* au_hello_worldTests.swift */ = {isa = PBXFileReference; lastKnownFileType = sourcecode.swift; path = au_hello_worldTests.swift; sourceTree = "<group>"; };
		5A958858297C7A6A00EBF282 /* au hello worldUITests.xctest */ = {isa = PBXFileReference; explicitFileType = wrapper.cfbundle; includeInIndex = 0; path = "au hello worldUITests.xctest"; sourceTree = BUILT_PRODUCTS_DIR; };
		5A95885C297C7A6A00EBF282 /* au_hello_worldUITests.swift */ = {isa = PBXFileReference; lastKnownFileType = sourcecode.swift; path = au_hello_worldUITests.swift; sourceTree = "<group>"; };
		5A95885E297C7A6A00EBF282 /* au_hello_worldUITestsLaunchTests.swift */ = {isa = PBXFileReference; lastKnownFileType = sourcecode.swift; path = au_hello_worldUITestsLaunchTests.swift; sourceTree = "<group>"; };
/* End PBXFileReference section */

/* Begin PBXFrameworksBuildPhase section */
		5A958835297C7A6900EBF282 /* Frameworks */ = {
			isa = PBXFrameworksBuildPhase;
			buildActionMask = 2147483647;
			files = (
			);
			runOnlyForDeploymentPostprocessing = 0;
		};
		5A95884B297C7A6A00EBF282 /* Frameworks */ = {
			isa = PBXFrameworksBuildPhase;
			buildActionMask = 2147483647;
			files = (
			);
			runOnlyForDeploymentPostprocessing = 0;
		};
		5A958855297C7A6A00EBF282 /* Frameworks */ = {
			isa = PBXFrameworksBuildPhase;
			buildActionMask = 2147483647;
			files = (
			);
			runOnlyForDeploymentPostprocessing = 0;
		};
/* End PBXFrameworksBuildPhase section */

/* Begin PBXGroup section */
		5A95882F297C7A6900EBF282 = {
			isa = PBXGroup;
			children = (
				5A95883A297C7A6900EBF282 /* au hello world */,
				5A958851297C7A6A00EBF282 /* au hello worldTests */,
				5A95885B297C7A6A00EBF282 /* au hello worldUITests */,
				5A958839297C7A6900EBF282 /* Products */,
			);
			sourceTree = "<group>";
		};
		5A958839297C7A6900EBF282 /* Products */ = {
			isa = PBXGroup;
			children = (
				5A958838297C7A6900EBF282 /* au hello world.app */,
				5A95884E297C7A6A00EBF282 /* au hello worldTests.xctest */,
				5A958858297C7A6A00EBF282 /* au hello worldUITests.xctest */,
			);
			name = Products;
			sourceTree = "<group>";
		};
		5A95883A297C7A6900EBF282 /* au hello world */ = {
			isa = PBXGroup;
			children = (
				5A95883B297C7A6900EBF282 /* AppDelegate.swift */,
				5A95883D297C7A6900EBF282 /* SceneDelegate.swift */,
				5A95883F297C7A6900EBF282 /* ViewController.swift */,
				5A958841297C7A6900EBF282 /* Main.storyboard */,
				5A958844297C7A6A00EBF282 /* Assets.xcassets */,
				5A958846297C7A6A00EBF282 /* LaunchScreen.storyboard */,
				5A958849297C7A6A00EBF282 /* Info.plist */,
			);
			path = "au hello world";
			sourceTree = "<group>";
		};
		5A958851297C7A6A00EBF282 /* au hello worldTests */ = {
			isa = PBXGroup;
			children = (
				5A958852297C7A6A00EBF282 /* au_hello_worldTests.swift */,
			);
			path = "au hello worldTests";
			sourceTree = "<group>";
		};
		5A95885B297C7A6A00EBF282 /* au hello worldUITests */ = {
			isa = PBXGroup;
			children = (
				5A95885C297C7A6A00EBF282 /* au_hello_worldUITests.swift */,
				5A95885E297C7A6A00EBF282 /* au_hello_worldUITestsLaunchTests.swift */,
			);
			path = "au hello worldUITests";
			sourceTree = "<group>";
		};
/* End PBXGroup section */

/* Begin PBXNativeTarget section */
		5A958837297C7A6900EBF282 /* au hello world */ = {
			isa = PBXNativeTarget;
			buildConfigurationList = 5A958862297C7A6A00EBF282 /* Build configuration list for PBXNativeTarget "au hello world" */;
			buildPhases = (
				5A958834297C7A6900EBF282 /* Sources */,
				5A958835297C7A6900EBF282 /* Frameworks */,
				5A958836297C7A6900EBF282 /* Resources */,
			);
			buildRules = (
			);
			dependencies = (
			);
			name = "au hello world";
			productName = "au hello world";
			productReference = 5A958838297C7A6900EBF282 /* au hello world.app */;
			productType = "com.apple.product-type.application";
		};
		5A95884D297C7A6A00EBF282 /* au hello worldTests */ = {
			isa = PBXNativeTarget;
			buildConfigurationList = 5A958865297C7A6A00EBF282 /* Build configuration list for PBXNativeTarget "au hello worldTests" */;
			buildPhases = (
				5A95884A297C7A6A00EBF282 /* Sources */,
				5A95884B297C7A6A00EBF282 /* Frameworks */,
				5A95884C297C7A6A00EBF282 /* Resources */,
			);
			buildRules = (
			);
			dependencies = (
				5A958850297C7A6A00EBF282 /* PBXTargetDependency */,
			);
			name = "au hello worldTests";
			productName = "au hello worldTests";
			productReference = 5A95884E297C7A6A00EBF282 /* au hello worldTests.xctest */;
			productType = "com.apple.product-type.bundle.unit-test";
		};
		5A958857297C7A6A00EBF282 /* au hello worldUITests */ = {
			isa = PBXNativeTarget;
			buildConfigurationList = 5A958868297C7A6A00EBF282 /* Build configuration list for PBXNativeTarget "au hello worldUITests" */;
			buildPhases = (
				5A958854297C7A6A00EBF282 /* Sources */,
				5A958855297C7A6A00EBF282 /* Frameworks */,
				5A958856297C7A6A00EBF282 /* Resources */,
			);
			buildRules = (
			);
			dependencies = (
				5A95885A297C7A6A00EBF282 /* PBXTargetDependency */,
			);
			name = "au hello worldUITests";
			productName = "au hello worldUITests";
			productReference = 5A958858297C7A6A00EBF282 /* au hello worldUITests.xctest */;
			productType = "com.apple.product-type.bundle.ui-testing";
		};
/* End PBXNativeTarget section */

/* Begin PBXProject section */
		5A958830297C7A6900EBF282 /* Project object */ = {
			isa = PBXProject;
			attributes = {
				BuildIndependentTargetsInParallel = 1;
				LastSwiftUpdateCheck = 1420;
				LastUpgradeCheck = 1420;
				TargetAttributes = {
					5A958837297C7A6900EBF282 = {
						CreatedOnToolsVersion = 14.2;
					};
					5A95884D297C7A6A00EBF282 = {
						CreatedOnToolsVersion = 14.2;
						TestTargetID = 5A958837297C7A6900EBF282;
					};
					5A958857297C7A6A00EBF282 = {
						CreatedOnToolsVersion = 14.2;
						TestTargetID = 5A958837297C7A6900EBF282;
					};
				};
			};
			buildConfigurationList = 5A958833297C7A6900EBF282 /* Build configuration list for PBXProject "au hello world" */;
			compatibilityVersion = "Xcode 14.0";
			developmentRegion = en;
			hasScannedForEncodings = 0;
			knownRegions = (
				en,
				Base,
			);
			mainGroup = 5A95882F297C7A6900EBF282;
			productRefGroup = 5A958839297C7A6900EBF282 /* Products */;
			projectDirPath = "";
			projectRoot = "";
			targets = (
				5A958837297C7A6900EBF282 /* au hello world */,
				5A95884D297C7A6A00EBF282 /* au hello worldTests */,
				5A958857297C7A6A00EBF282 /* au hello worldUITests */,
			);
		};
/* End PBXProject section */

/* Begin PBXResourcesBuildPhase section */
		5A958836297C7A6900EBF282 /* Resources */ = {
			isa = PBXResourcesBuildPhase;
			buildActionMask = 2147483647;
			files = (
				5A958848297C7A6A00EBF282 /* LaunchScreen.storyboard in Resources */,
				5A958845297C7A6A00EBF282 /* Assets.xcassets in Resources */,
				5A958843297C7A6900EBF282 /* Main.storyboard in Resources */,
			);
			runOnlyForDeploymentPostprocessing = 0;
		};
		5A95884C297C7A6A00EBF282 /* Resources */ = {
			isa = PBXResourcesBuildPhase;
			buildActionMask = 2147483647;
			files = (
			);
			runOnlyForDeploymentPostprocessing = 0;
		};
		5A958856297C7A6A00EBF282 /* Resources */ = {
			isa = PBXResourcesBuildPhase;
			buildActionMask = 2147483647;
			files = (
			);
			runOnlyForDeploymentPostprocessing = 0;
		};
/* End PBXResourcesBuildPhase section */

/* Begin PBXSourcesBuildPhase section */
		5A958834297C7A6900EBF282 /* Sources */ = {
			isa = PBXSourcesBuildPhase;
			buildActionMask = 2147483647;
			files = (
				5A958840297C7A6900EBF282 /* ViewController.swift in Sources */,
				5A95883C297C7A6900EBF282 /* AppDelegate.swift in Sources */,
				5A95883E297C7A6900EBF282 /* SceneDelegate.swift in Sources */,
			);
			runOnlyForDeploymentPostprocessing = 0;
		};
		5A95884A297C7A6A00EBF282 /* Sources */ = {
			isa = PBXSourcesBuildPhase;
			buildActionMask = 2147483647;
			files = (
				5A958853297C7A6A00EBF282 /* au_hello_worldTests.swift in Sources */,
			);
			runOnlyForDeploymentPostprocessing = 0;
		};
		5A958854297C7A6A00EBF282 /* Sources */ = {
			isa = PBXSourcesBuildPhase;
			buildActionMask = 2147483647;
			files = (
				5A95885F297C7A6A00EBF282 /* au_hello_worldUITestsLaunchTests.swift in Sources */,
				5A95885D297C7A6A00EBF282 /* au_hello_worldUITests.swift in Sources */,
			);
			runOnlyForDeploymentPostprocessing = 0;
		};
/* End PBXSourcesBuildPhase section */

/* Begin PBXTargetDependency section */
		5A958850297C7A6A00EBF282 /* PBXTargetDependency */ = {
			isa = PBXTargetDependency;
			target = 5A958837297C7A6900EBF282 /* au hello world */;
			targetProxy = 5A95884F297C7A6A00EBF282 /* PBXContainerItemProxy */;
		};
		5A95885A297C7A6A00EBF282 /* PBXTargetDependency */ = {
			isa = PBXTargetDependency;
			target = 5A958837297C7A6900EBF282 /* au hello world */;
			targetProxy = 5A958859297C7A6A00EBF282 /* PBXContainerItemProxy */;
		};
/* End PBXTargetDependency section */

/* Begin PBXVariantGroup section */
		5A958841297C7A6900EBF282 /* Main.storyboard */ = {
			isa = PBXVariantGroup;
			children = (
				5A958842297C7A6900EBF282 /* Base */,
			);
			name = Main.storyboard;
			sourceTree = "<group>";
		};
		5A958846297C7A6A00EBF282 /* LaunchScreen.storyboard */ = {
			isa = PBXVariantGroup;
			children = (
				5A958847297C7A6A00EBF282 /* Base */,
			);
			name = LaunchScreen.storyboard;
			sourceTree = "<group>";
		};
/* End PBXVariantGroup section */

/* Begin XCBuildConfiguration section */
		5A958860297C7A6A00EBF282 /* Debug */ = {
			isa = XCBuildConfiguration;
			buildSettings = {
				ALWAYS_SEARCH_USER_PATHS = NO;
				CLANG_ANALYZER_NONNULL = YES;
				CLANG_ANALYZER_NUMBER_OBJECT_CONVERSION = YES_AGGRESSIVE;
				CLANG_CXX_LANGUAGE_STANDARD = "gnu++20";
				CLANG_ENABLE_MODULES = YES;
				CLANG_ENABLE_OBJC_ARC = YES;
				CLANG_ENABLE_OBJC_WEAK = YES;
				CLANG_WARN_BLOCK_CAPTURE_AUTORELEASING = YES;
				CLANG_WARN_BOOL_CONVERSION = YES;
				CLANG_WARN_COMMA = YES;
				CLANG_WARN_CONSTANT_CONVERSION = YES;
				CLANG_WARN_DEPRECATED_OBJC_IMPLEMENTATIONS = YES;
				CLANG_WARN_DIRECT_OBJC_ISA_USAGE = YES_ERROR;
				CLANG_WARN_DOCUMENTATION_COMMENTS = YES;
				CLANG_WARN_EMPTY_BODY = YES;
				CLANG_WARN_ENUM_CONVERSION = YES;
				CLANG_WARN_INFINITE_RECURSION = YES;
				CLANG_WARN_INT_CONVERSION = YES;
				CLANG_WARN_NON_LITERAL_NULL_CONVERSION = YES;
				CLANG_WARN_OBJC_IMPLICIT_RETAIN_SELF = YES;
				CLANG_WARN_OBJC_LITERAL_CONVERSION = YES;
				CLANG_WARN_OBJC_ROOT_CLASS = YES_ERROR;
				CLANG_WARN_QUOTED_INCLUDE_IN_FRAMEWORK_HEADER = YES;
				CLANG_WARN_RANGE_LOOP_ANALYSIS = YES;
				CLANG_WARN_STRICT_PROTOTYPES = YES;
				CLANG_WARN_SUSPICIOUS_MOVE = YES;
				CLANG_WARN_UNGUARDED_AVAILABILITY = YES_AGGRESSIVE;
				CLANG_WARN_UNREACHABLE_CODE = YES;
				CLANG_WARN__DUPLICATE_METHOD_MATCH = YES;
				COPY_PHASE_STRIP = NO;
				DEBUG_INFORMATION_FORMAT = dwarf;
				ENABLE_STRICT_OBJC_MSGSEND = YES;
				ENABLE_TESTABILITY = YES;
				GCC_C_LANGUAGE_STANDARD = gnu11;
				GCC_DYNAMIC_NO_PIC = NO;
				GCC_NO_COMMON_BLOCKS = YES;
				GCC_OPTIMIZATION_LEVEL = 0;
				GCC_PREPROCESSOR_DEFINITIONS = (
					"DEBUG=1",
					"$(inherited)",
				);
				GCC_WARN_64_TO_32_BIT_CONVERSION = YES;
				GCC_WARN_ABOUT_RETURN_TYPE = YES_ERROR;
				GCC_WARN_UNDECLARED_SELECTOR = YES;
				GCC_WARN_UNINITIALIZED_AUTOS = YES_AGGRESSIVE;
				GCC_WARN_UNUSED_FUNCTION = YES;
				GCC_WARN_UNUSED_VARIABLE = YES;
				IPHONEOS_DEPLOYMENT_TARGET = 16.2;
				MTL_ENABLE_DEBUG_INFO = INCLUDE_SOURCE;
				MTL_FAST_MATH = YES;
				ONLY_ACTIVE_ARCH = YES;
				SDKROOT = iphoneos;
				SWIFT_ACTIVE_COMPILATION_CONDITIONS = DEBUG;
				SWIFT_OPTIMIZATION_LEVEL = "-Onone";
			};
			name = Debug;
		};
		5A958861297C7A6A00EBF282 /* Release */ = {
			isa = XCBuildConfiguration;
			buildSettings = {
				ALWAYS_SEARCH_USER_PATHS = NO;
				CLANG_ANALYZER_NONNULL = YES;
				CLANG_ANALYZER_NUMBER_OBJECT_CONVERSION = YES_AGGRESSIVE;
				CLANG_CXX_LANGUAGE_STANDARD = "gnu++20";
				CLANG_ENABLE_MODULES = YES;
				CLANG_ENABLE_OBJC_ARC = YES;
				CLANG_ENABLE_OBJC_WEAK = YES;
				CLANG_WARN_BLOCK_CAPTURE_AUTORELEASING = YES;
				CLANG_WARN_BOOL_CONVERSION = YES;
				CLANG_WARN_COMMA = YES;
				CLANG_WARN_CONSTANT_CONVERSION = YES;
				CLANG_WARN_DEPRECATED_OBJC_IMPLEMENTATIONS = YES;
				CLANG_WARN_DIRECT_OBJC_ISA_USAGE = YES_ERROR;
				CLANG_WARN_DOCUMENTATION_COMMENTS = YES;
				CLANG_WARN_EMPTY_BODY = YES;
				CLANG_WARN_ENUM_CONVERSION = YES;
				CLANG_WARN_INFINITE_RECURSION = YES;
				CLANG_WARN_INT_CONVERSION = YES;
				CLANG_WARN_NON_LITERAL_NULL_CONVERSION = YES;
				CLANG_WARN_OBJC_IMPLICIT_RETAIN_SELF = YES;
				CLANG_WARN_OBJC_LITERAL_CONVERSION = YES;
				CLANG_WARN_OBJC_ROOT_CLASS = YES_ERROR;
				CLANG_WARN_QUOTED_INCLUDE_IN_FRAMEWORK_HEADER = YES;
				CLANG_WARN_RANGE_LOOP_ANALYSIS = YES;
				CLANG_WARN_STRICT_PROTOTYPES = YES;
				CLANG_WARN_SUSPICIOUS_MOVE = YES;
				CLANG_WARN_UNGUARDED_AVAILABILITY = YES_AGGRESSIVE;
				CLANG_WARN_UNREACHABLE_CODE = YES;
				CLANG_WARN__DUPLICATE_METHOD_MATCH = YES;
				COPY_PHASE_STRIP = NO;
				DEBUG_INFORMATION_FORMAT = "dwarf-with-dsym";
				ENABLE_NS_ASSERTIONS = NO;
				ENABLE_STRICT_OBJC_MSGSEND = YES;
				GCC_C_LANGUAGE_STANDARD = gnu11;
				GCC_NO_COMMON_BLOCKS = YES;
				GCC_WARN_64_TO_32_BIT_CONVERSION = YES;
				GCC_WARN_ABOUT_RETURN_TYPE = YES_ERROR;
				GCC_WARN_UNDECLARED_SELECTOR = YES;
				GCC_WARN_UNINITIALIZED_AUTOS = YES_AGGRESSIVE;
				GCC_WARN_UNUSED_FUNCTION = YES;
				GCC_WARN_UNUSED_VARIABLE = YES;
				IPHONEOS_DEPLOYMENT_TARGET = 16.2;
				MTL_ENABLE_DEBUG_INFO = NO;
				MTL_FAST_MATH = YES;
				SDKROOT = iphoneos;
				SWIFT_COMPILATION_MODE = wholemodule;
				SWIFT_OPTIMIZATION_LEVEL = "-O";
				VALIDATE_PRODUCT = YES;
			};
			name = Release;
		};
		5A958863297C7A6A00EBF282 /* Debug */ = {
			isa = XCBuildConfiguration;
			buildSettings = {
				ASSETCATALOG_COMPILER_APPICON_NAME = AppIcon;
				ASSETCATALOG_COMPILER_GLOBAL_ACCENT_COLOR_NAME = AccentColor;
				CODE_SIGN_STYLE = Automatic;
				CURRENT_PROJECT_VERSION = 1;
				GENERATE_INFOPLIST_FILE = YES;
				INFOPLIST_FILE = "au hello world/Info.plist";
				INFOPLIST_KEY_UIApplicationSupportsIndirectInputEvents = YES;
				INFOPLIST_KEY_UILaunchStoryboardName = LaunchScreen;
				INFOPLIST_KEY_UIMainStoryboardFile = Main;
				INFOPLIST_KEY_UISupportedInterfaceOrientations_iPad = "UIInterfaceOrientationPortrait UIInterfaceOrientationPortraitUpsideDown UIInterfaceOrientationLandscapeLeft UIInterfaceOrientationLandscapeRight";
				INFOPLIST_KEY_UISupportedInterfaceOrientations_iPhone = "UIInterfaceOrientationPortrait UIInterfaceOrientationLandscapeLeft UIInterfaceOrientationLandscapeRight";
				LD_RUNPATH_SEARCH_PATHS = (
					"$(inherited)",
					"@executable_path/Frameworks",
				);
				MARKETING_VERSION = 1.0;
				PRODUCT_BUNDLE_IDENTIFIER = "edu.auburn.tonyg.au-hello-world";
				PRODUCT_NAME = "$(TARGET_NAME)";
				SWIFT_EMIT_LOC_STRINGS = YES;
				SWIFT_VERSION = 5.0;
				TARGETED_DEVICE_FAMILY = "1,2";
			};
			name = Debug;
		};
		5A958864297C7A6A00EBF282 /* Release */ = {
			isa = XCBuildConfiguration;
			buildSettings = {
				ASSETCATALOG_COMPILER_APPICON_NAME = AppIcon;
				ASSETCATALOG_COMPILER_GLOBAL_ACCENT_COLOR_NAME = AccentColor;
				CODE_SIGN_STYLE = Automatic;
				CURRENT_PROJECT_VERSION = 1;
				GENERATE_INFOPLIST_FILE = YES;
				INFOPLIST_FILE = "au hello world/Info.plist";
				INFOPLIST_KEY_UIApplicationSupportsIndirectInputEvents = YES;
				INFOPLIST_KEY_UILaunchStoryboardName = LaunchScreen;
				INFOPLIST_KEY_UIMainStoryboardFile = Main;
				INFOPLIST_KEY_UISupportedInterfaceOrientations_iPad = "UIInterfaceOrientationPortrait UIInterfaceOrientationPortraitUpsideDown UIInterfaceOrientationLandscapeLeft UIInterfaceOrientationLandscapeRight";
				INFOPLIST_KEY_UISupportedInterfaceOrientations_iPhone = "UIInterfaceOrientationPortrait UIInterfaceOrientationLandscapeLeft UIInterfaceOrientationLandscapeRight";
				LD_RUNPATH_SEARCH_PATHS = (
					"$(inherited)",
					"@executable_path/Frameworks",
				);
				MARKETING_VERSION = 1.0;
				PRODUCT_BUNDLE_IDENTIFIER = "edu.auburn.tonyg.au-hello-world";
				PRODUCT_NAME = "$(TARGET_NAME)";
				SWIFT_EMIT_LOC_STRINGS = YES;
				SWIFT_VERSION = 5.0;
				TARGETED_DEVICE_FAMILY = "1,2";
			};
			name = Release;
		};
		5A958866297C7A6A00EBF282 /* Debug */ = {
			isa = XCBuildConfiguration;
			buildSettings = {
				ALWAYS_EMBED_SWIFT_STANDARD_LIBRARIES = YES;
				BUNDLE_LOADER = "$(TEST_HOST)";
				CODE_SIGN_STYLE = Automatic;
				CURRENT_PROJECT_VERSION = 1;
				GENERATE_INFOPLIST_FILE = YES;
				IPHONEOS_DEPLOYMENT_TARGET = 16.2;
				MARKETING_VERSION = 1.0;
				PRODUCT_BUNDLE_IDENTIFIER = "edu.auburn.tonyg.au-hello-worldTests";
				PRODUCT_NAME = "$(TARGET_NAME)";
				SWIFT_EMIT_LOC_STRINGS = NO;
				SWIFT_VERSION = 5.0;
				TARGETED_DEVICE_FAMILY = "1,2";
				TEST_HOST = "$(BUILT_PRODUCTS_DIR)/au hello world.app/$(BUNDLE_EXECUTABLE_FOLDER_PATH)/au hello world";
			};
			name = Debug;
		};
		5A958867297C7A6A00EBF282 /* Release */ = {
			isa = XCBuildConfiguration;
			buildSettings = {
				ALWAYS_EMBED_SWIFT_STANDARD_LIBRARIES = YES;
				BUNDLE_LOADER = "$(TEST_HOST)";
				CODE_SIGN_STYLE = Automatic;
				CURRENT_PROJECT_VERSION = 1;
				GENERATE_INFOPLIST_FILE = YES;
				IPHONEOS_DEPLOYMENT_TARGET = 16.2;
				MARKETING_VERSION = 1.0;
				PRODUCT_BUNDLE_IDENTIFIER = "edu.auburn.tonyg.au-hello-worldTests";
				PRODUCT_NAME = "$(TARGET_NAME)";
				SWIFT_EMIT_LOC_STRINGS = NO;
				SWIFT_VERSION = 5.0;
				TARGETED_DEVICE_FAMILY = "1,2";
				TEST_HOST = "$(BUILT_PRODUCTS_DIR)/au hello world.app/$(BUNDLE_EXECUTABLE_FOLDER_PATH)/au hello world";
			};
			name = Release;
		};
		5A958869297C7A6A00EBF282 /* Debug */ = {
			isa = XCBuildConfiguration;
			buildSettings = {
				ALWAYS_EMBED_SWIFT_STANDARD_LIBRARIES = YES;
				CODE_SIGN_STYLE = Automatic;
				CURRENT_PROJECT_VERSION = 1;
				GENERATE_INFOPLIST_FILE = YES;
				MARKETING_VERSION = 1.0;
				PRODUCT_BUNDLE_IDENTIFIER = "edu.auburn.tonyg.au-hello-worldUITests";
				PRODUCT_NAME = "$(TARGET_NAME)";
				SWIFT_EMIT_LOC_STRINGS = NO;
				SWIFT_VERSION = 5.0;
				TARGETED_DEVICE_FAMILY = "1,2";
				TEST_TARGET_NAME = "au hello world";
			};
			name = Debug;
		};
		5A95886A297C7A6A00EBF282 /* Release */ = {
			isa = XCBuildConfiguration;
			buildSettings = {
				ALWAYS_EMBED_SWIFT_STANDARD_LIBRARIES = YES;
				CODE_SIGN_STYLE = Automatic;
				CURRENT_PROJECT_VERSION = 1;
				GENERATE_INFOPLIST_FILE = YES;
				MARKETING_VERSION = 1.0;
				PRODUCT_BUNDLE_IDENTIFIER = "edu.auburn.tonyg.au-hello-worldUITests";
				PRODUCT_NAME = "$(TARGET_NAME)";
				SWIFT_EMIT_LOC_STRINGS = NO;
				SWIFT_VERSION = 5.0;
				TARGETED_DEVICE_FAMILY = "1,2";
				TEST_TARGET_NAME = "au hello world";
			};
			name = Release;
		};
/* End XCBuildConfiguration section */

/* Begin XCConfigurationList section */
		5A958833297C7A6900EBF282 /* Build configuration list for PBXProject "au hello world" */ = {
			isa = XCConfigurationList;
			buildConfigurations = (
				5A958860297C7A6A00EBF282 /* Debug */,
				5A958861297C7A6A00EBF282 /* Release */,
			);
			defaultConfigurationIsVisible = 0;
			defaultConfigurationName = Release;
		};
		5A958862297C7A6A00EBF282 /* Build configuration list for PBXNativeTarget "au hello world" */ = {
			isa = XCConfigurationList;
			buildConfigurations = (
				5A958863297C7A6A00EBF282 /* Debug */,
				5A958864297C7A6A00EBF282 /* Release */,
			);
			defaultConfigurationIsVisible = 0;
			defaultConfigurationName = Release;
		};
		5A958865297C7A6A00EBF282 /* Build configuration list for PBXNativeTarget "au hello worldTests" */ = {
			isa = XCConfigurationList;
			buildConfigurations = (
				5A958866297C7A6A00EBF282 /* Debug */,
				5A958867297C7A6A00EBF282 /* Release */,
			);
			defaultConfigurationIsVisible = 0;
			defaultConfigurationName = Release;
		};
		5A958868297C7A6A00EBF282 /* Build configuration list for PBXNativeTarget "au hello worldUITests" */ = {
			isa = XCConfigurationList;
			buildConfigurations = (
				5A958869297C7A6A00EBF282 /* Debug */,
				5A95886A297C7A6A00EBF282 /* Release */,
			);
			defaultConfigurationIsVisible = 0;
			defaultConfigurationName = Release;
		};
/* End XCConfigurationList section */
	};
	rootObject = 5A958830297C7A6900EBF282 /* Project object */;
}
